
Microsoft Visual Studio Solution File, Format Version 12.00
# Visual Studio Version 17
VisualStudioVersion = 17.5.002.0
MinimumVisualStudioVersion = 10.0.40219.1
Project("{9A19103F-16F7-4668-BE54-9A1E7A4F7556}") = "MvcTask", "MvcTask.csproj", "{D18E8CC0-3A21-4AC5-AADB-4C162F599136}"
EndProject
Global
	GlobalSection(SolutionConfigurationPlatforms) = preSolution
		Debug|Any CPU = Debug|Any CPU
		Release|Any CPU = Release|Any CPU
	EndGlobalSection
	GlobalSection(ProjectConfigurationPlatforms) = postSolution
		{D18E8CC0-3A21-4AC5-AADB-4C162F599136}.Debug|Any CPU.ActiveCfg = Debug|Any CPU
		{D18E8CC0-3A21-4AC5-AADB-4C162F599136}.Debug|Any CPU.Build.0 = Debug|Any CPU
		{D18E8CC0-3A21-4AC5-AADB-4C162F599136}.Release|Any CPU.ActiveCfg = Release|Any CPU
		{D18E8CC0-3A21-4AC5-AADB-4C162F599136}.Release|Any CPU.Build.0 = Release|Any CPU
	EndGlobalSection
	GlobalSection(SolutionProperties) = preSolution
		HideSolutionNode = FALSE
	EndGlobalSection
	GlobalSection(ExtensibilityGlobals) = postSolution
		SolutionGuid = {EC81AC68-F037-4FDA-8429-CA6F55B10AE8}
	EndGlobalSection
EndGlobal
